// !$*UTF8*$!
{
	archiveVersion = 1;
	classes = {
	};
	objectVersion = 50;
	objects = {

/* Begin PBXBuildFile section */
		FA997BEC26415A0C0053796B /* LikeAnimationApp.swift in Sources */ = {isa = PBXBuildFile; fileRef = FA997BEB26415A0C0053796B /* LikeAnimationApp.swift */; };
		FA997BEE26415A0C0053796B /* ContentView.swift in Sources */ = {isa = PBXBuildFile; fileRef = FA997BED26415A0C0053796B /* ContentView.swift */; };
		FA997BF026415A0D0053796B /* Assets.xcassets in Resources */ = {isa = PBXBuildFile; fileRef = FA997BEF26415A0D0053796B /* Assets.xcassets */; };
		FA997BF326415A0D0053796B /* Preview Assets.xcassets in Resources */ = {isa = PBXBuildFile; fileRef = FA997BF226415A0D0053796B /* Preview Assets.xcassets */; };
		FA997BFB26415A530053796B /* CapusuleGroupView.swift in Sources */ = {isa = PBXBuildFile; fileRef = FA997BFA26415A530053796B /* CapusuleGroupView.swift */; };
		FA997BFD26415A860053796B /* ShrinkingCapsule.swift in Sources */ = {isa = PBXBuildFile; fileRef = FA997BFC26415A860053796B /* ShrinkingCapsule.swift */; };
		FA997BFF26415F730053796B /* FloatingLike.swift in Sources */ = {isa = PBXBuildFile; fileRef = FA997BFE26415F730053796B /* FloatingLike.swift */; };
		FA997C0126415FCB0053796B /* HeartImageView.swift in Sources */ = {isa = PBXBuildFile; fileRef = FA997C0026415FCB0053796B /* HeartImageView.swift */; };
		FA997C0326415FFB0053796B /* LowerCapsuleView.swift in Sources */ = {isa = PBXBuildFile; fileRef = FA997C0226415FFB0053796B /* LowerCapsuleView.swift */; };
/* End PBXBuildFile section */

/* Begin PBXFileReference section */
		FA997BE826415A0C0053796B /* LikeAnimation.app */ = {isa = PBXFileReference; explicitFileType = wrapper.application; includeInIndex = 0; path = LikeAnimation.app; sourceTree = BUILT_PRODUCTS_DIR; };
		FA997BEB26415A0C0053796B /* LikeAnimationApp.swift */ = {isa = PBXFileReference; lastKnownFileType = sourcecode.swift; path = LikeAnimationApp.swift; sourceTree = "<group>"; };
		FA997BED26415A0C0053796B /* ContentView.swift */ = {isa = PBXFileReference; lastKnownFileType = sourcecode.swift; path = ContentView.swift; sourceTree = "<group>"; };
		FA997BEF26415A0D0053796B /* Assets.xcassets */ = {isa = PBXFileReference; lastKnownFileType = folder.assetcatalog; path = Assets.xcassets; sourceTree = "<group>"; };
		FA997BF226415A0D0053796B /* Preview Assets.xcassets */ = {isa = PBXFileReference; lastKnownFileType = folder.assetcatalog; path = "Preview Assets.xcassets"; sourceTree = "<group>"; };
		FA997BF426415A0D0053796B /* Info.plist */ = {isa = PBXFileReference; lastKnownFileType = text.plist.xml; path = Info.plist; sourceTree = "<group>"; };
		FA997BFA26415A530053796B /* CapusuleGroupView.swift */ = {isa = PBXFileReference; lastKnownFileType = sourcecode.swift; path = CapusuleGroupView.swift; sourceTree = "<group>"; };
		FA997BFC26415A860053796B /* ShrinkingCapsule.swift */ = {isa = PBXFileReference; lastKnownFileType = sourcecode.swift; path = ShrinkingCapsule.swift; sourceTree = "<group>"; };
		FA997BFE26415F730053796B /* FloatingLike.swift */ = {isa = PBXFileReference; lastKnownFileType = sourcecode.swift; path = FloatingLike.swift; sourceTree = "<group>"; };
		FA997C0026415FCB0053796B /* HeartImageView.swift */ = {isa = PBXFileReference; lastKnownFileType = sourcecode.swift; path = HeartImageView.swift; sourceTree = "<group>"; };
		FA997C0226415FFB0053796B /* LowerCapsuleView.swift */ = {isa = PBXFileReference; lastKnownFileType = sourcecode.swift; path = LowerCapsuleView.swift; sourceTree = "<group>"; };
/* End PBXFileReference section */

/* Begin PBXFrameworksBuildPhase section */
		FA997BE526415A0C0053796B /* Frameworks */ = {
			isa = PBXFrameworksBuildPhase;
			buildActionMask = 2147483647;
			files = (
			);
			runOnlyForDeploymentPostprocessing = 0;
		};
/* End PBXFrameworksBuildPhase section */

/* Begin PBXGroup section */
		FA997BDF26415A0C0053796B = {
			isa = PBXGroup;
			children = (
				FA997BEA26415A0C0053796B /* LikeAnimation */,
				FA997BE926415A0C0053796B /* Products */,
			);
			sourceTree = "<group>";
		};
		FA997BE926415A0C0053796B /* Products */ = {
			isa = PBXGroup;
			children = (
				FA997BE826415A0C0053796B /* LikeAnimation.app */,
			);
			name = Products;
			sourceTree = "<group>";
		};
		FA997BEA26415A0C0053796B /* LikeAnimation */ = {
			isa = PBXGroup;
			children = (
				FA997BEB26415A0C0053796B /* LikeAnimationApp.swift */,
				FA997BED26415A0C0053796B /* ContentView.swift */,
				FA997BEF26415A0D0053796B /* Assets.xcassets */,
				FA997BF426415A0D0053796B /* Info.plist */,
				FA997BF126415A0D0053796B /* Preview Content */,
				FA997BFA26415A530053796B /* CapusuleGroupView.swift */,
				FA997BFC26415A860053796B /* ShrinkingCapsule.swift */,
				FA997BFE26415F730053796B /* FloatingLike.swift */,
				FA997C0026415FCB0053796B /* HeartImageView.swift */,
				FA997C0226415FFB0053796B /* LowerCapsuleView.swift */,
			);
			path = LikeAnimation;
			sourceTree = "<group>";
		};
		FA997BF126415A0D0053796B /* Preview Content */ = {
			isa = PBXGroup;
			children = (
				FA997BF226415A0D0053796B /* Preview Assets.xcassets */,
			);
			path = "Preview Content";
			sourceTree = "<group>";
		};
/* End PBXGroup section */

/* Begin PBXNativeTarget section */
		FA997BE726415A0C0053796B /* LikeAnimation */ = {
			isa = PBXNativeTarget;
			buildConfigurationList = FA997BF726415A0D0053796B /* Build configuration list for PBXNativeTarget "LikeAnimation" */;
			buildPhases = (
				FA997BE426415A0C0053796B /* Sources */,
				FA997BE526415A0C0053796B /* Frameworks */,
				FA997BE626415A0C0053796B /* Resources */,
			);
			buildRules = (
			);
			dependencies = (
			);
			name = LikeAnimation;
			productName = LikeAnimation;
			productReference = FA997BE826415A0C0053796B /* LikeAnimation.app */;
			productType = "com.apple.product-type.application";
		};
/* End PBXNativeTarget section */

/* Begin PBXProject section */
		FA997BE026415A0C0053796B /* Project object */ = {
			isa = PBXProject;
			attributes = {
				LastSwiftUpdateCheck = 1250;
				LastUpgradeCheck = 1250;
				TargetAttributes = {
					FA997BE726415A0C0053796B = {
						CreatedOnToolsVersion = 12.5;
					};
				};
			};
			buildConfigurationList = FA997BE326415A0C0053796B /* Build configuration list for PBXProject "LikeAnimation" */;
			compatibilityVersion = "Xcode 9.3";
			developmentRegion = en;
			hasScannedForEncodings = 0;
			knownRegions = (
				en,
				Base,
			);
			mainGroup = FA997BDF26415A0C0053796B;
			productRefGroup = FA997BE926415A0C0053796B /* Products */;
			projectDirPath = "";
			projectRoot = "";
			targets = (
				FA997BE726415A0C0053796B /* LikeAnimation */,
			);
		};
/* End PBXProject section */

/* Begin PBXResourcesBuildPhase section */
		FA997BE626415A0C0053796B /* Resources */ = {
			isa = PBXResourcesBuildPhase;
			buildActionMask = 2147483647;
			files = (
				FA997BF326415A0D0053796B /* Preview Assets.xcassets in Resources */,
				FA997BF026415A0D0053796B /* Assets.xcassets in Resources */,
			);
			runOnlyForDeploymentPostprocessing = 0;
		};
/* End PBXResourcesBuildPhase section */

/* Begin PBXSourcesBuildPhase section */
		FA997BE426415A0C0053796B /* Sources */ = {
			isa = PBXSourcesBuildPhase;
			buildActionMask = 2147483647;
			files = (
				FA997C0326415FFB0053796B /* LowerCapsuleView.swift in Sources */,
				FA997BFB26415A530053796B /* CapusuleGroupView.swift in Sources */,
				FA997BEE26415A0C0053796B /* ContentView.swift in Sources */,
				FA997BFF26415F730053796B /* FloatingLike.swift in Sources */,
				FA997C0126415FCB0053796B /* HeartImageView.swift in Sources */,
				FA997BEC26415A0C0053796B /* LikeAnimationApp.swift in Sources */,
				FA997BFD26415A860053796B /* ShrinkingCapsule.swift in Sources */,
			);
			runOnlyForDeploymentPostprocessing = 0;
		};
/* End PBXSourcesBuildPhase section */

/* Begin XCBuildConfiguration section */
		FA997BF526415A0D0053796B /* Debug */ = {
			isa = XCBuildConfiguration;
			buildSettings = {
				ALWAYS_SEARCH_USER_PATHS = NO;
				CLANG_ANALYZER_NONNULL = YES;
				CLANG_ANALYZER_NUMBER_OBJECT_CONVERSION = YES_AGGRESSIVE;
				CLANG_CXX_LANGUAGE_STANDARD = "gnu++14";
				CLANG_CXX_LIBRARY = "libc++";
				CLANG_ENABLE_MODULES = YES;
				CLANG_ENABLE_OBJC_ARC = YES;
				CLANG_ENABLE_OBJC_WEAK = YES;
				CLANG_WARN_BLOCK_CAPTURE_AUTORELEASING = YES;
				CLANG_WARN_BOOL_CONVERSION = YES;
				CLANG_WARN_COMMA = YES;
				CLANG_WARN_CONSTANT_CONVERSION = YES;
				CLANG_WARN_DEPRECATED_OBJC_IMPLEMENTATIONS = YES;
				CLANG_WARN_DIRECT_OBJC_ISA_USAGE = YES_ERROR;
				CLANG_WARN_DOCUMENTATION_COMMENTS = YES;
				CLANG_WARN_EMPTY_BODY = YES;
				CLANG_WARN_ENUM_CONVERSION = YES;
				CLANG_WARN_INFINITE_RECURSION = YES;
				CLANG_WARN_INT_CONVERSION = YES;
				CLANG_WARN_NON_LITERAL_NULL_CONVERSION = YES;
				CLANG_WARN_OBJC_IMPLICIT_RETAIN_SELF = YES;
				CLANG_WARN_OBJC_LITERAL_CONVERSION = YES;
				CLANG_WARN_OBJC_ROOT_CLASS = YES_ERROR;
				CLANG_WARN_QUOTED_INCLUDE_IN_FRAMEWORK_HEADER = YES;
				CLANG_WARN_RANGE_LOOP_ANALYSIS = YES;
				CLANG_WARN_STRICT_PROTOTYPES = YES;
				CLANG_WARN_SUSPICIOUS_MOVE = YES;
				CLANG_WARN_UNGUARDED_AVAILABILITY = YES_AGGRESSIVE;
				CLANG_WARN_UNREACHABLE_CODE = YES;
				CLANG_WARN__DUPLICATE_METHOD_MATCH = YES;
				COPY_PHASE_STRIP = NO;
				DEBUG_INFORMATION_FORMAT = dwarf;
				ENABLE_STRICT_OBJC_MSGSEND = YES;
				ENABLE_TESTABILITY = YES;
				GCC_C_LANGUAGE_STANDARD = gnu11;
				GCC_DYNAMIC_NO_PIC = NO;
				GCC_NO_COMMON_BLOCKS = YES;
				GCC_OPTIMIZATION_LEVEL = 0;
				GCC_PREPROCESSOR_DEFINITIONS = (
					"DEBUG=1",
					"$(inherited)",
				);
				GCC_WARN_64_TO_32_BIT_CONVERSION = YES;
				GCC_WARN_ABOUT_RETURN_TYPE = YES_ERROR;
				GCC_WARN_UNDECLARED_SELECTOR = YES;
				GCC_WARN_UNINITIALIZED_AUTOS = YES_AGGRESSIVE;
				GCC_WARN_UNUSED_FUNCTION = YES;
				GCC_WARN_UNUSED_VARIABLE = YES;
				IPHONEOS_DEPLOYMENT_TARGET = 14.5;
				MTL_ENABLE_DEBUG_INFO = INCLUDE_SOURCE;
				MTL_FAST_MATH = YES;
				ONLY_ACTIVE_ARCH = YES;
				SDKROOT = iphoneos;
				SWIFT_ACTIVE_COMPILATION_CONDITIONS = DEBUG;
				SWIFT_OPTIMIZATION_LEVEL = "-Onone";
			};
			name = Debug;
		};
		FA997BF626415A0D0053796B /* Release */ = {
			isa = XCBuildConfiguration;
			buildSettings = {
				ALWAYS_SEARCH_USER_PATHS = NO;
				CLANG_ANALYZER_NONNULL = YES;
				CLANG_ANALYZER_NUMBER_OBJECT_CONVERSION = YES_AGGRESSIVE;
				CLANG_CXX_LANGUAGE_STANDARD = "gnu++14";
				CLANG_CXX_LIBRARY = "libc++";
				CLANG_ENABLE_MODULES = YES;
				CLANG_ENABLE_OBJC_ARC = YES;
				CLANG_ENABLE_OBJC_WEAK = YES;
				CLANG_WARN_BLOCK_CAPTURE_AUTORELEASING = YES;
				CLANG_WARN_BOOL_CONVERSION = YES;
				CLANG_WARN_COMMA = YES;
				CLANG_WARN_CONSTANT_CONVERSION = YES;
				CLANG_WARN_DEPRECATED_OBJC_IMPLEMENTATIONS = YES;
				CLANG_WARN_DIRECT_OBJC_ISA_USAGE = YES_ERROR;
				CLANG_WARN_DOCUMENTATION_COMMENTS = YES;
				CLANG_WARN_EMPTY_BODY = YES;
				CLANG_WARN_ENUM_CONVERSION = YES;
				CLANG_WARN_INFINITE_RECURSION = YES;
				CLANG_WARN_INT_CONVERSION = YES;
				CLANG_WARN_NON_LITERAL_NULL_CONVERSION = YES;
				CLANG_WARN_OBJC_IMPLICIT_RETAIN_SELF = YES;
				CLANG_WARN_OBJC_LITERAL_CONVERSION = YES;
				CLANG_WARN_OBJC_ROOT_CLASS = YES_ERROR;
				CLANG_WARN_QUOTED_INCLUDE_IN_FRAMEWORK_HEADER = YES;
				CLANG_WARN_RANGE_LOOP_ANALYSIS = YES;
				CLANG_WARN_STRICT_PROTOTYPES = YES;
				CLANG_WARN_SUSPICIOUS_MOVE = YES;
				CLANG_WARN_UNGUARDED_AVAILABILITY = YES_AGGRESSIVE;
				CLANG_WARN_UNREACHABLE_CODE = YES;
				CLANG_WARN__DUPLICATE_METHOD_MATCH = YES;
				COPY_PHASE_STRIP = NO;
				DEBUG_INFORMATION_FORMAT = "dwarf-with-dsym";
				ENABLE_NS_ASSERTIONS = NO;
				ENABLE_STRICT_OBJC_MSGSEND = YES;
				GCC_C_LANGUAGE_STANDARD = gnu11;
				GCC_NO_COMMON_BLOCKS = YES;
				GCC_WARN_64_TO_32_BIT_CONVERSION = YES;
				GCC_WARN_ABOUT_RETURN_TYPE = YES_ERROR;
				GCC_WARN_UNDECLARED_SELECTOR = YES;
				GCC_WARN_UNINITIALIZED_AUTOS = YES_AGGRESSIVE;
				GCC_WARN_UNUSED_FUNCTION = YES;
				GCC_WARN_UNUSED_VARIABLE = YES;
				IPHONEOS_DEPLOYMENT_TARGET = 14.5;
				MTL_ENABLE_DEBUG_INFO = NO;
				MTL_FAST_MATH = YES;
				SDKROOT = iphoneos;
				SWIFT_COMPILATION_MODE = wholemodule;
				SWIFT_OPTIMIZATION_LEVEL = "-O";
				VALIDATE_PRODUCT = YES;
			};
			name = Release;
		};
		FA997BF826415A0D0053796B /* Debug */ = {
			isa = XCBuildConfiguration;
			buildSettings = {
				ASSETCATALOG_COMPILER_APPICON_NAME = AppIcon;
				ASSETCATALOG_COMPILER_GLOBAL_ACCENT_COLOR_NAME = AccentColor;
				CODE_SIGN_STYLE = Automatic;
				DEVELOPMENT_ASSET_PATHS = "\"LikeAnimation/Preview Content\"";
				DEVELOPMENT_TEAM = 933M898TAD;
				ENABLE_PREVIEWS = YES;
				INFOPLIST_FILE = LikeAnimation/Info.plist;
				IPHONEOS_DEPLOYMENT_TARGET = 14.0;
				LD_RUNPATH_SEARCH_PATHS = (
					"$(inherited)",
					"@executable_path/Frameworks",
				);
				PRODUCT_BUNDLE_IDENTIFIER = neri.swiftuiCalculator.LikeAnimation;
				PRODUCT_NAME = "$(TARGET_NAME)";
				SWIFT_VERSION = 5.0;
				TARGETED_DEVICE_FAMILY = "1,2";
			};
			name = Debug;
		};
		FA997BF926415A0D0053796B /* Release */ = {
			isa = XCBuildConfiguration;
			buildSettings = {
				ASSETCATALOG_COMPILER_APPICON_NAME = AppIcon;
				ASSETCATALOG_COMPILER_GLOBAL_ACCENT_COLOR_NAME = AccentColor;
				CODE_SIGN_STYLE = Automatic;
				DEVELOPMENT_ASSET_PATHS = "\"LikeAnimation/Preview Content\"";
				DEVELOPMENT_TEAM = 933M898TAD;
				ENABLE_PREVIEWS = YES;
				INFOPLIST_FILE = LikeAnimation/Info.plist;
				IPHONEOS_DEPLOYMENT_TARGET = 14.0;
				LD_RUNPATH_SEARCH_PATHS = (
					"$(inherited)",
					"@executable_path/Frameworks",
				);
				PRODUCT_BUNDLE_IDENTIFIER = neri.swiftuiCalculator.LikeAnimation;
				PRODUCT_NAME = "$(TARGET_NAME)";
				SWIFT_VERSION = 5.0;
				TARGETED_DEVICE_FAMILY = "1,2";
			};
			name = Release;
		};
/* End XCBuildConfiguration section */

/* Begin XCConfigurationList section */
		FA997BE326415A0C0053796B /* Build configuration list for PBXProject "LikeAnimation" */ = {
			isa = XCConfigurationList;
			buildConfigurations = (
				FA997BF526415A0D0053796B /* Debug */,
				FA997BF626415A0D0053796B /* Release */,
			);
			defaultConfigurationIsVisible = 0;
			defaultConfigurationName = Release;
		};
		FA997BF726415A0D0053796B /* Build configuration list for PBXNativeTarget "LikeAnimation" */ = {
			isa = XCConfigurationList;
			buildConfigurations = (
				FA997BF826415A0D0053796B /* Debug */,
				FA997BF926415A0D0053796B /* Release */,
			);
			defaultConfigurationIsVisible = 0;
			defaultConfigurationName = Release;
		};
/* End XCConfigurationList section */
	};
	rootObject = FA997BE026415A0C0053796B /* Project object */;
}
